
Microsoft Visual Studio Solution File, Format Version 12.00
# Visual Studio Version 17
VisualStudioVersion = 17.0.31903.59
MinimumVisualStudioVersion = 10.0.40219.1
Project("{2150E333-8FDC-42A3-9474-1A3956D46DE8}") = "Structural", "Structural", "{AA67010B-6FBA-4998-BE16-BAA77A40D9B7}"
EndProject
Project("{2150E333-8FDC-42A3-9474-1A3956D46DE8}") = "Proxy", "Proxy", "{2697A559-2EAD-4B62-90EC-2C7BD2D61159}"
EndProject
Project("{9A19103F-16F7-4668-BE54-9A1E7A4F7556}") = "Thisisnabi.DesignPattern.Structural.Proxy.Downloader", "Structural\Proxy\Downloader\Thisisnabi.DesignPattern.Structural.Proxy.Downloader.csproj", "{A32926AB-3F9F-4EFF-9619-BF092BAD9999}"
EndProject
Project("{9A19103F-16F7-4668-BE54-9A1E7A4F7556}") = "Thisisnabi.DesignPattern.Structural.Proxy.Locator", "Structural\Proxy\Locator\Thisisnabi.DesignPattern.Structural.Proxy.Locator.csproj", "{E97A24C4-B13C-480C-926C-84C3D8E84CD3}"
EndProject
Project("{2150E333-8FDC-42A3-9474-1A3956D46DE8}") = "downloader", "downloader", "{6591F9E3-AAC4-4504-82F7-1EA70464F0BA}"
EndProject
Project("{2150E333-8FDC-42A3-9474-1A3956D46DE8}") = "locator", "locator", "{4711CCE8-65A0-494B-923D-6B787A6E4BAB}"
EndProject
Project("{2150E333-8FDC-42A3-9474-1A3956D46DE8}") = "Behavioral", "Behavioral", "{DA972AC9-B233-459F-BC26-40237129D04F}"
EndProject
Project("{2150E333-8FDC-42A3-9474-1A3956D46DE8}") = "ChainOfResponsibility", "ChainOfResponsibility", "{5B423FA2-9A02-4605-A954-3664931027B5}"
EndProject
Project("{9A19103F-16F7-4668-BE54-9A1E7A4F7556}") = "Thisisnabi.DesignPattern.Behavioral.ChainOfResponsibility.Logging", "Behavioral\ChainOfResponsibility\Logging\Thisisnabi.DesignPattern.Behavioral.ChainOfResponsibility.Logging.csproj", "{4424D929-C39D-4D1A-B394-5257E937BA9C}"
EndProject
Project("{2150E333-8FDC-42A3-9474-1A3956D46DE8}") = "logging", "logging", "{13C977AC-7169-4B63-9E53-1053A5E2CBAF}"
EndProject
Global
	GlobalSection(SolutionConfigurationPlatforms) = preSolution
		Debug|Any CPU = Debug|Any CPU
		Release|Any CPU = Release|Any CPU
	EndGlobalSection
	GlobalSection(ProjectConfigurationPlatforms) = postSolution
		{A32926AB-3F9F-4EFF-9619-BF092BAD9999}.Debug|Any CPU.ActiveCfg = Debug|Any CPU
		{A32926AB-3F9F-4EFF-9619-BF092BAD9999}.Debug|Any CPU.Build.0 = Debug|Any CPU
		{A32926AB-3F9F-4EFF-9619-BF092BAD9999}.Release|Any CPU.ActiveCfg = Release|Any CPU
		{A32926AB-3F9F-4EFF-9619-BF092BAD9999}.Release|Any CPU.Build.0 = Release|Any CPU
		{E97A24C4-B13C-480C-926C-84C3D8E84CD3}.Debug|Any CPU.ActiveCfg = Debug|Any CPU
		{E97A24C4-B13C-480C-926C-84C3D8E84CD3}.Debug|Any CPU.Build.0 = Debug|Any CPU
		{E97A24C4-B13C-480C-926C-84C3D8E84CD3}.Release|Any CPU.ActiveCfg = Release|Any CPU
		{E97A24C4-B13C-480C-926C-84C3D8E84CD3}.Release|Any CPU.Build.0 = Release|Any CPU
		{4424D929-C39D-4D1A-B394-5257E937BA9C}.Debug|Any CPU.ActiveCfg = Debug|Any CPU
		{4424D929-C39D-4D1A-B394-5257E937BA9C}.Debug|Any CPU.Build.0 = Debug|Any CPU
		{4424D929-C39D-4D1A-B394-5257E937BA9C}.Release|Any CPU.ActiveCfg = Release|Any CPU
		{4424D929-C39D-4D1A-B394-5257E937BA9C}.Release|Any CPU.Build.0 = Release|Any CPU
	EndGlobalSection
	GlobalSection(SolutionProperties) = preSolution
		HideSolutionNode = FALSE
	EndGlobalSection
	GlobalSection(NestedProjects) = preSolution
		{2697A559-2EAD-4B62-90EC-2C7BD2D61159} = {AA67010B-6FBA-4998-BE16-BAA77A40D9B7}
		{A32926AB-3F9F-4EFF-9619-BF092BAD9999} = {6591F9E3-AAC4-4504-82F7-1EA70464F0BA}
		{E97A24C4-B13C-480C-926C-84C3D8E84CD3} = {4711CCE8-65A0-494B-923D-6B787A6E4BAB}
		{6591F9E3-AAC4-4504-82F7-1EA70464F0BA} = {2697A559-2EAD-4B62-90EC-2C7BD2D61159}
		{4711CCE8-65A0-494B-923D-6B787A6E4BAB} = {2697A559-2EAD-4B62-90EC-2C7BD2D61159}
		{5B423FA2-9A02-4605-A954-3664931027B5} = {DA972AC9-B233-459F-BC26-40237129D04F}
		{4424D929-C39D-4D1A-B394-5257E937BA9C} = {13C977AC-7169-4B63-9E53-1053A5E2CBAF}
		{13C977AC-7169-4B63-9E53-1053A5E2CBAF} = {5B423FA2-9A02-4605-A954-3664931027B5}
	EndGlobalSection
	GlobalSection(ExtensibilityGlobals) = postSolution
		SolutionGuid = {98ABEC4C-900E-4FA2-B829-BEA7839B73F3}
	EndGlobalSection
EndGlobal
